// !$*UTF8*$!
{
	archiveVersion = 1;
	classes = {
	};
	objectVersion = 42;
	objects = {

/* Begin PBXBuildFile section */
		E4C2422B10CC554B004149E2 /* openFrameworksDebug.a in Frameworks */ = {isa = PBXBuildFile; fileRef = E4C2421E10CC549C004149E2 /* openFrameworksDebug.a */; };
		E4C2443910CC7693004149E2 /* openFrameworks-Info.plist in CopyFiles */ = {isa = PBXBuildFile; fileRef = E4B6FCAD0C3E899E008CF71C /* openFrameworks-Info.plist */; };
		EA158F0112D5D16500F34EF3 /* ofxOBJModel.cpp in Sources */ = {isa = PBXBuildFile; fileRef = EA158EFF12D5D16500F34EF3 /* ofxOBJModel.cpp */; };
		EA15912012D6037B00F34EF3 /* tinyxml.cpp in Sources */ = {isa = PBXBuildFile; fileRef = EA15911912D6037B00F34EF3 /* tinyxml.cpp */; };
		EA15912112D6037B00F34EF3 /* tinyxmlerror.cpp in Sources */ = {isa = PBXBuildFile; fileRef = EA15911B12D6037B00F34EF3 /* tinyxmlerror.cpp */; };
		EA15912212D6037B00F34EF3 /* tinyxmlparser.cpp in Sources */ = {isa = PBXBuildFile; fileRef = EA15911C12D6037B00F34EF3 /* tinyxmlparser.cpp */; };
		EA15912312D6037B00F34EF3 /* ofxXmlSettings.cpp in Sources */ = {isa = PBXBuildFile; fileRef = EA15911E12D6037B00F34EF3 /* ofxXmlSettings.cpp */; };
		EA1593B512D6198100F34EF3 /* GuiContainer.cpp in Sources */ = {isa = PBXBuildFile; fileRef = EA15937E12D6198100F34EF3 /* GuiContainer.cpp */; };
		EA1593B612D6198100F34EF3 /* GuiControl.cpp in Sources */ = {isa = PBXBuildFile; fileRef = EA15938012D6198100F34EF3 /* GuiControl.cpp */; };
		EA1593B712D6198100F34EF3 /* GuiResources.cpp in Sources */ = {isa = PBXBuildFile; fileRef = EA15938312D6198100F34EF3 /* GuiResources.cpp */; };
		EA1593B812D6198100F34EF3 /* GuiTypes.cpp in Sources */ = {isa = PBXBuildFile; fileRef = EA15938512D6198100F34EF3 /* GuiTypes.cpp */; };
		EA1593BB12D6198100F34EF3 /* ColorUtils.cpp in Sources */ = {isa = PBXBuildFile; fileRef = EA1593B012D6198100F34EF3 /* ColorUtils.cpp */; };
		EA1593BC12D6198100F34EF3 /* StringUtils.cpp in Sources */ = {isa = PBXBuildFile; fileRef = EA1593B312D6198100F34EF3 /* StringUtils.cpp */; };
		EA350AA512E4951200F93F15 /* ofxXmlGui.cpp in Sources */ = {isa = PBXBuildFile; fileRef = EA350AA312E4951200F93F15 /* ofxXmlGui.cpp */; };
		EA849FF912E73BC30086CBFE /* App.cpp in Sources */ = {isa = PBXBuildFile; fileRef = EA849FDD12E73BC30086CBFE /* App.cpp */; };
		EA849FFA12E73BC30086CBFE /* SceneGui.cpp in Sources */ = {isa = PBXBuildFile; fileRef = EA849FE012E73BC30086CBFE /* SceneGui.cpp */; };
		EA849FFB12E73BC30086CBFE /* ViewportGui.cpp in Sources */ = {isa = PBXBuildFile; fileRef = EA849FE412E73BC30086CBFE /* ViewportGui.cpp */; };
		EA849FFC12E73BC30086CBFE /* Model.cpp in Sources */ = {isa = PBXBuildFile; fileRef = EA849FE712E73BC30086CBFE /* Model.cpp */; };
		EA849FFD12E73BC30086CBFE /* Projector.cpp in Sources */ = {isa = PBXBuildFile; fileRef = EA849FE912E73BC30086CBFE /* Projector.cpp */; };
		EA849FFE12E73BC30086CBFE /* Scene.cpp in Sources */ = {isa = PBXBuildFile; fileRef = EA849FEB12E73BC30086CBFE /* Scene.cpp */; };
		EA849FFF12E73BC30086CBFE /* OrthoViewport.cpp in Sources */ = {isa = PBXBuildFile; fileRef = EA849FEE12E73BC30086CBFE /* OrthoViewport.cpp */; };
		EA84A00012E73BC30086CBFE /* Viewport.cpp in Sources */ = {isa = PBXBuildFile; fileRef = EA849FF012E73BC30086CBFE /* Viewport.cpp */; };
		EA84A00112E73BC30086CBFE /* main.cpp in Sources */ = {isa = PBXBuildFile; fileRef = EA849FF312E73BC30086CBFE /* main.cpp */; };
		EA84A00212E73BC30086CBFE /* Settings.cpp in Sources */ = {isa = PBXBuildFile; fileRef = EA849FF712E73BC30086CBFE /* Settings.cpp */; };
		EAC12C1A12E6F94F0071CE8E /* testApp.cpp in Sources */ = {isa = PBXBuildFile; fileRef = EAC12C1812E6F94F0071CE8E /* testApp.cpp */; };
		EAF9774F12E45B8D0009DBBE /* GLUT.framework in Frameworks */ = {isa = PBXBuildFile; fileRef = EAF9774212E45B8D0009DBBE /* GLUT.framework */; };
		EAF9775012E45B8D0009DBBE /* AppKit.framework in Frameworks */ = {isa = PBXBuildFile; fileRef = EAF9774312E45B8D0009DBBE /* AppKit.framework */; };
		EAF9775112E45B8D0009DBBE /* Cocoa.framework in Frameworks */ = {isa = PBXBuildFile; fileRef = EAF9774412E45B8D0009DBBE /* Cocoa.framework */; };
		EAF9775212E45B8D0009DBBE /* IOKit.framework in Frameworks */ = {isa = PBXBuildFile; fileRef = EAF9774512E45B8D0009DBBE /* IOKit.framework */; };
		EAF9775312E45B8D0009DBBE /* AGL.framework in Frameworks */ = {isa = PBXBuildFile; fileRef = EAF9774612E45B8D0009DBBE /* AGL.framework */; };
		EAF9775412E45B8D0009DBBE /* ApplicationServices.framework in Frameworks */ = {isa = PBXBuildFile; fileRef = EAF9774712E45B8D0009DBBE /* ApplicationServices.framework */; };
		EAF9775512E45B8D0009DBBE /* AudioToolbox.framework in Frameworks */ = {isa = PBXBuildFile; fileRef = EAF9774812E45B8D0009DBBE /* AudioToolbox.framework */; };
		EAF9775612E45B8D0009DBBE /* Carbon.framework in Frameworks */ = {isa = PBXBuildFile; fileRef = EAF9774912E45B8D0009DBBE /* Carbon.framework */; };
		EAF9775712E45B8D0009DBBE /* CoreAudio.framework in Frameworks */ = {isa = PBXBuildFile; fileRef = EAF9774A12E45B8D0009DBBE /* CoreAudio.framework */; };
		EAF9775812E45B8D0009DBBE /* CoreFoundation.framework in Frameworks */ = {isa = PBXBuildFile; fileRef = EAF9774B12E45B8D0009DBBE /* CoreFoundation.framework */; };
		EAF9775912E45B8D0009DBBE /* CoreServices.framework in Frameworks */ = {isa = PBXBuildFile; fileRef = EAF9774C12E45B8D0009DBBE /* CoreServices.framework */; };
		EAF9775A12E45B8D0009DBBE /* OpenGL.framework in Frameworks */ = {isa = PBXBuildFile; fileRef = EAF9774D12E45B8D0009DBBE /* OpenGL.framework */; };
		EAF9775B12E45B8D0009DBBE /* QuickTime.framework in Frameworks */ = {isa = PBXBuildFile; fileRef = EAF9774E12E45B8D0009DBBE /* QuickTime.framework */; };
/* End PBXBuildFile section */

/* Begin PBXContainerItemProxy section */
		E4C2421D10CC549C004149E2 /* PBXContainerItemProxy */ = {
			isa = PBXContainerItemProxy;
			containerPortal = E4C2421610CC549C004149E2 /* openFrameworksLib.xcodeproj */;
			proxyType = 2;
			remoteGlobalIDString = E4B27C1510CBEB8E00536013;
			remoteInfo = openFrameworks;
		};
		E4C2422710CC54DA004149E2 /* PBXContainerItemProxy */ = {
			isa = PBXContainerItemProxy;
			containerPortal = E4C2421610CC549C004149E2 /* openFrameworksLib.xcodeproj */;
			proxyType = 1;
			remoteGlobalIDString = E4B27C1410CBEB8E00536013;
			remoteInfo = openFrameworks;
		};
/* End PBXContainerItemProxy section */

/* Begin PBXCopyFilesBuildPhase section */
		E4C2427710CC5ABF004149E2 /* CopyFiles */ = {
			isa = PBXCopyFilesBuildPhase;
			buildActionMask = 2147483647;
			dstPath = "";
			dstSubfolderSpec = 10;
			files = (
			);
			runOnlyForDeploymentPostprocessing = 0;
		};
		E4C2444710CC769B004149E2 /* CopyFiles */ = {
			isa = PBXCopyFilesBuildPhase;
			buildActionMask = 2147483647;
			dstPath = "";
			dstSubfolderSpec = 7;
			files = (
				E4C2443910CC7693004149E2 /* openFrameworks-Info.plist in CopyFiles */,
			);
			runOnlyForDeploymentPostprocessing = 0;
		};
/* End PBXCopyFilesBuildPhase section */

/* Begin PBXFileReference section */
		E4B69B5B0A3A1756003C02F2 /* emptyExampleDebug.app */ = {isa = PBXFileReference; explicitFileType = wrapper.application; includeInIndex = 0; path = emptyExampleDebug.app; sourceTree = BUILT_PRODUCTS_DIR; };
		E4B6FCAD0C3E899E008CF71C /* openFrameworks-Info.plist */ = {isa = PBXFileReference; fileEncoding = 30; lastKnownFileType = text.plist.xml; path = "openFrameworks-Info.plist"; sourceTree = "<group>"; };
		E4C2421610CC549C004149E2 /* openFrameworksLib.xcodeproj */ = {isa = PBXFileReference; lastKnownFileType = "wrapper.pb-project"; name = openFrameworksLib.xcodeproj; path = ../../../libs/openFrameworksCompiled/project/osx/openFrameworksLib.xcodeproj; sourceTree = SOURCE_ROOT; };
		EA158EFE12D5D16500F34EF3 /* OBJVertexArray.h */ = {isa = PBXFileReference; fileEncoding = 4; lastKnownFileType = sourcecode.c.h; path = OBJVertexArray.h; sourceTree = "<group>"; };
		EA158EFF12D5D16500F34EF3 /* ofxOBJModel.cpp */ = {isa = PBXFileReference; fileEncoding = 4; lastKnownFileType = sourcecode.cpp.cpp; path = ofxOBJModel.cpp; sourceTree = "<group>"; };
		EA158F0012D5D16500F34EF3 /* ofxOBJModel.h */ = {isa = PBXFileReference; fileEncoding = 4; lastKnownFileType = sourcecode.c.h; path = ofxOBJModel.h; sourceTree = "<group>"; };
		EA15911712D6037B00F34EF3 /* install.xml */ = {isa = PBXFileReference; fileEncoding = 4; lastKnownFileType = text.xml; path = install.xml; sourceTree = "<group>"; };
		EA15911912D6037B00F34EF3 /* tinyxml.cpp */ = {isa = PBXFileReference; fileEncoding = 4; lastKnownFileType = sourcecode.cpp.cpp; path = tinyxml.cpp; sourceTree = "<group>"; };
		EA15911A12D6037B00F34EF3 /* tinyxml.h */ = {isa = PBXFileReference; fileEncoding = 4; lastKnownFileType = sourcecode.c.h; path = tinyxml.h; sourceTree = "<group>"; };
		EA15911B12D6037B00F34EF3 /* tinyxmlerror.cpp */ = {isa = PBXFileReference; fileEncoding = 4; lastKnownFileType = sourcecode.cpp.cpp; path = tinyxmlerror.cpp; sourceTree = "<group>"; };
		EA15911C12D6037B00F34EF3 /* tinyxmlparser.cpp */ = {isa = PBXFileReference; fileEncoding = 4; lastKnownFileType = sourcecode.cpp.cpp; path = tinyxmlparser.cpp; sourceTree = "<group>"; };
		EA15911E12D6037B00F34EF3 /* ofxXmlSettings.cpp */ = {isa = PBXFileReference; fileEncoding = 4; lastKnownFileType = sourcecode.cpp.cpp; path = ofxXmlSettings.cpp; sourceTree = "<group>"; };
		EA15911F12D6037B00F34EF3 /* ofxXmlSettings.h */ = {isa = PBXFileReference; fileEncoding = 4; lastKnownFileType = sourcecode.c.h; path = ofxXmlSettings.h; sourceTree = "<group>"; };
		EA15937A12D6198100F34EF3 /* docgen.py */ = {isa = PBXFileReference; fileEncoding = 4; lastKnownFileType = text.script.python; path = docgen.py; sourceTree = "<group>"; };
		EA15937B12D6198100F34EF3 /* documentation.html */ = {isa = PBXFileReference; fileEncoding = 4; lastKnownFileType = text.html; path = documentation.html; sourceTree = "<group>"; };
		EA15937E12D6198100F34EF3 /* GuiContainer.cpp */ = {isa = PBXFileReference; fileEncoding = 4; lastKnownFileType = sourcecode.cpp.cpp; path = GuiContainer.cpp; sourceTree = "<group>"; };
		EA15937F12D6198100F34EF3 /* GuiContainer.h */ = {isa = PBXFileReference; fileEncoding = 4; lastKnownFileType = sourcecode.c.h; path = GuiContainer.h; sourceTree = "<group>"; };
		EA15938012D6198100F34EF3 /* GuiControl.cpp */ = {isa = PBXFileReference; fileEncoding = 4; lastKnownFileType = sourcecode.cpp.cpp; path = GuiControl.cpp; sourceTree = "<group>"; };
		EA15938112D6198100F34EF3 /* GuiControl.h */ = {isa = PBXFileReference; fileEncoding = 4; lastKnownFileType = sourcecode.c.h; path = GuiControl.h; sourceTree = "<group>"; };
		EA15938212D6198100F34EF3 /* GuiListener.h */ = {isa = PBXFileReference; fileEncoding = 4; lastKnownFileType = sourcecode.c.h; path = GuiListener.h; sourceTree = "<group>"; };
		EA15938312D6198100F34EF3 /* GuiResources.cpp */ = {isa = PBXFileReference; fileEncoding = 4; lastKnownFileType = sourcecode.cpp.cpp; path = GuiResources.cpp; sourceTree = "<group>"; };
		EA15938412D6198100F34EF3 /* GuiResources.h */ = {isa = PBXFileReference; fileEncoding = 4; lastKnownFileType = sourcecode.c.h; path = GuiResources.h; sourceTree = "<group>"; };
		EA15938512D6198100F34EF3 /* GuiTypes.cpp */ = {isa = PBXFileReference; fileEncoding = 4; lastKnownFileType = sourcecode.cpp.cpp; path = GuiTypes.cpp; sourceTree = "<group>"; };
		EA15938712D6198100F34EF3 /* ParameterInfo.h */ = {isa = PBXFileReference; fileEncoding = 4; lastKnownFileType = sourcecode.c.h; path = ParameterInfo.h; sourceTree = "<group>"; };
		EA15939212D6198100F34EF3 /* GuiSlider2D.h */ = {isa = PBXFileReference; fileEncoding = 4; lastKnownFileType = sourcecode.c.h; path = GuiSlider2D.h; sourceTree = "<group>"; };
		EA15939312D6198100F34EF3 /* GuiButton.h */ = {isa = PBXFileReference; fileEncoding = 4; lastKnownFileType = sourcecode.c.h; path = GuiButton.h; sourceTree = "<group>"; };
		EA15939412D6198100F34EF3 /* GuiColorPicker.h */ = {isa = PBXFileReference; fileEncoding = 4; lastKnownFileType = sourcecode.c.h; path = GuiColorPicker.h; sourceTree = "<group>"; };
		EA15939512D6198100F34EF3 /* GuiContour.h */ = {isa = PBXFileReference; fileEncoding = 4; lastKnownFileType = sourcecode.c.h; path = GuiContour.h; sourceTree = "<group>"; };
		EA15939612D6198100F34EF3 /* GuiDoubleField.h */ = {isa = PBXFileReference; fileEncoding = 4; lastKnownFileType = sourcecode.c.h; path = GuiDoubleField.h; sourceTree = "<group>"; };
		EA15939712D6198100F34EF3 /* GuiFloatField.h */ = {isa = PBXFileReference; fileEncoding = 4; lastKnownFileType = sourcecode.c.h; path = GuiFloatField.h; sourceTree = "<group>"; };
		EA15939812D6198100F34EF3 /* GuiFPSCounter.h */ = {isa = PBXFileReference; fileEncoding = 4; lastKnownFileType = sourcecode.c.h; path = GuiFPSCounter.h; sourceTree = "<group>"; };
		EA15939912D6198100F34EF3 /* GuiGrid.h */ = {isa = PBXFileReference; fileEncoding = 4; lastKnownFileType = sourcecode.c.h; path = GuiGrid.h; sourceTree = "<group>"; };
		EA15939A12D6198100F34EF3 /* GuiIntField.h */ = {isa = PBXFileReference; fileEncoding = 4; lastKnownFileType = sourcecode.c.h; path = GuiIntField.h; sourceTree = "<group>"; };
		EA15939B12D6198100F34EF3 /* GuiKeyboard.h */ = {isa = PBXFileReference; fileEncoding = 4; lastKnownFileType = sourcecode.c.h; path = GuiKeyboard.h; sourceTree = "<group>"; };
		EA15939C12D6198100F34EF3 /* GuiKnob.h */ = {isa = PBXFileReference; fileEncoding = 4; lastKnownFileType = sourcecode.c.h; path = GuiKnob.h; sourceTree = "<group>"; };
		EA15939D12D6198100F34EF3 /* GuiList.h */ = {isa = PBXFileReference; fileEncoding = 4; lastKnownFileType = sourcecode.c.h; path = GuiList.h; sourceTree = "<group>"; };
		EA15939E12D6198100F34EF3 /* GuiMeter.h */ = {isa = PBXFileReference; fileEncoding = 4; lastKnownFileType = sourcecode.c.h; path = GuiMeter.h; sourceTree = "<group>"; };
		EA15939F12D6198100F34EF3 /* GuiPanner.h */ = {isa = PBXFileReference; fileEncoding = 4; lastKnownFileType = sourcecode.c.h; path = GuiPanner.h; sourceTree = "<group>"; };
		EA1593A012D6198100F34EF3 /* GuiSegmentedControl.h */ = {isa = PBXFileReference; fileEncoding = 4; lastKnownFileType = sourcecode.c.h; path = GuiSegmentedControl.h; sourceTree = "<group>"; };
		EA1593A112D6198100F34EF3 /* GuiSlider.h */ = {isa = PBXFileReference; fileEncoding = 4; lastKnownFileType = sourcecode.c.h; path = GuiSlider.h; sourceTree = "<group>"; };
		EA1593A212D6198100F34EF3 /* GuiText.h */ = {isa = PBXFileReference; fileEncoding = 4; lastKnownFileType = sourcecode.c.h; path = GuiText.h; sourceTree = "<group>"; };
		EA1593A312D6198100F34EF3 /* GuiTextField.h */ = {isa = PBXFileReference; fileEncoding = 4; lastKnownFileType = sourcecode.c.h; path = GuiTextField.h; sourceTree = "<group>"; };
		EA1593A412D6198100F34EF3 /* GuiToggle.h */ = {isa = PBXFileReference; fileEncoding = 4; lastKnownFileType = sourcecode.c.h; path = GuiToggle.h; sourceTree = "<group>"; };
		EA1593A512D6198100F34EF3 /* GuiVU.h */ = {isa = PBXFileReference; fileEncoding = 4; lastKnownFileType = sourcecode.c.h; path = GuiVU.h; sourceTree = "<group>"; };
		EA1593A612D6198100F34EF3 /* GuiZoomSlider.h */ = {isa = PBXFileReference; fileEncoding = 4; lastKnownFileType = sourcecode.c.h; path = GuiZoomSlider.h; sourceTree = "<group>"; };
		EA1593A812D6198100F34EF3 /* GuiImage.h */ = {isa = PBXFileReference; fileEncoding = 4; lastKnownFileType = sourcecode.c.h; path = GuiImage.h; sourceTree = "<group>"; };
		EA1593A912D6198100F34EF3 /* GuiImageButton.h */ = {isa = PBXFileReference; fileEncoding = 4; lastKnownFileType = sourcecode.c.h; path = GuiImageButton.h; sourceTree = "<group>"; };
		EA1593AA12D6198100F34EF3 /* GuiImageToggle.h */ = {isa = PBXFileReference; fileEncoding = 4; lastKnownFileType = sourcecode.c.h; path = GuiImageToggle.h; sourceTree = "<group>"; };
		EA1593AC12D6198100F34EF3 /* GuiNiceButton.h */ = {isa = PBXFileReference; fileEncoding = 4; lastKnownFileType = sourcecode.c.h; path = GuiNiceButton.h; sourceTree = "<group>"; };
		EA1593AE12D6198100F34EF3 /* PdGui.h */ = {isa = PBXFileReference; fileEncoding = 4; lastKnownFileType = sourcecode.c.h; path = PdGui.h; sourceTree = "<group>"; };
		EA1593B012D6198100F34EF3 /* ColorUtils.cpp */ = {isa = PBXFileReference; fileEncoding = 4; lastKnownFileType = sourcecode.cpp.cpp; path = ColorUtils.cpp; sourceTree = "<group>"; };
		EA1593B112D6198100F34EF3 /* ColorUtils.h */ = {isa = PBXFileReference; fileEncoding = 4; lastKnownFileType = sourcecode.c.h; path = ColorUtils.h; sourceTree = "<group>"; };
		EA1593B212D6198100F34EF3 /* GridSequence.h */ = {isa = PBXFileReference; fileEncoding = 4; lastKnownFileType = sourcecode.c.h; path = GridSequence.h; sourceTree = "<group>"; };
		EA1593B312D6198100F34EF3 /* StringUtils.cpp */ = {isa = PBXFileReference; fileEncoding = 4; lastKnownFileType = sourcecode.cpp.cpp; path = StringUtils.cpp; sourceTree = "<group>"; };
		EA1593B412D6198100F34EF3 /* StringUtils.h */ = {isa = PBXFileReference; fileEncoding = 4; lastKnownFileType = sourcecode.c.h; path = StringUtils.h; sourceTree = "<group>"; };
		EA3509F612E48FD300F93F15 /* GuiTitle.h */ = {isa = PBXFileReference; fileEncoding = 4; lastKnownFileType = sourcecode.c.h; path = GuiTitle.h; sourceTree = "<group>"; };
		EA350AA312E4951200F93F15 /* ofxXmlGui.cpp */ = {isa = PBXFileReference; fileEncoding = 4; lastKnownFileType = sourcecode.cpp.cpp; path = ofxXmlGui.cpp; sourceTree = "<group>"; };
		EA350AA412E4951200F93F15 /* ofxXmlGui.h */ = {isa = PBXFileReference; fileEncoding = 4; lastKnownFileType = sourcecode.c.h; path = ofxXmlGui.h; sourceTree = "<group>"; };
		EA849FDD12E73BC30086CBFE /* App.cpp */ = {isa = PBXFileReference; fileEncoding = 4; lastKnownFileType = sourcecode.cpp.cpp; path = App.cpp; sourceTree = "<group>"; };
		EA849FDE12E73BC30086CBFE /* App.h */ = {isa = PBXFileReference; fileEncoding = 4; lastKnownFileType = sourcecode.c.h; path = App.h; sourceTree = "<group>"; };
		EA849FE012E73BC30086CBFE /* SceneGui.cpp */ = {isa = PBXFileReference; fileEncoding = 4; lastKnownFileType = sourcecode.cpp.cpp; path = SceneGui.cpp; sourceTree = "<group>"; };
		EA849FE112E73BC30086CBFE /* SceneGui.h */ = {isa = PBXFileReference; fileEncoding = 4; lastKnownFileType = sourcecode.c.h; path = SceneGui.h; sourceTree = "<group>"; };
		EA849FE212E73BC30086CBFE /* Enableable.h */ = {isa = PBXFileReference; fileEncoding = 4; lastKnownFileType = sourcecode.c.h; path = Enableable.h; sourceTree = "<group>"; };
		EA849FE412E73BC30086CBFE /* ViewportGui.cpp */ = {isa = PBXFileReference; fileEncoding = 4; lastKnownFileType = sourcecode.cpp.cpp; path = ViewportGui.cpp; sourceTree = "<group>"; };
		EA849FE512E73BC30086CBFE /* ViewportGui.h */ = {isa = PBXFileReference; fileEncoding = 4; lastKnownFileType = sourcecode.c.h; path = ViewportGui.h; sourceTree = "<group>"; };
		EA849FE612E73BC30086CBFE /* Kinect.h */ = {isa = PBXFileReference; fileEncoding = 4; lastKnownFileType = sourcecode.c.h; path = Kinect.h; sourceTree = "<group>"; };
		EA849FE712E73BC30086CBFE /* Model.cpp */ = {isa = PBXFileReference; fileEncoding = 4; lastKnownFileType = sourcecode.cpp.cpp; path = Model.cpp; sourceTree = "<group>"; };
		EA849FE812E73BC30086CBFE /* Model.h */ = {isa = PBXFileReference; fileEncoding = 4; lastKnownFileType = sourcecode.c.h; path = Model.h; sourceTree = "<group>"; };
		EA849FE912E73BC30086CBFE /* Projector.cpp */ = {isa = PBXFileReference; fileEncoding = 4; lastKnownFileType = sourcecode.cpp.cpp; path = Projector.cpp; sourceTree = "<group>"; };
		EA849FEA12E73BC30086CBFE /* Projector.h */ = {isa = PBXFileReference; fileEncoding = 4; lastKnownFileType = sourcecode.c.h; path = Projector.h; sourceTree = "<group>"; };
		EA849FEB12E73BC30086CBFE /* Scene.cpp */ = {isa = PBXFileReference; fileEncoding = 4; lastKnownFileType = sourcecode.cpp.cpp; path = Scene.cpp; sourceTree = "<group>"; };
		EA849FEC12E73BC30086CBFE /* Scene.h */ = {isa = PBXFileReference; fileEncoding = 4; lastKnownFileType = sourcecode.c.h; path = Scene.h; sourceTree = "<group>"; };
		EA849FEE12E73BC30086CBFE /* OrthoViewport.cpp */ = {isa = PBXFileReference; fileEncoding = 4; lastKnownFileType = sourcecode.cpp.cpp; path = OrthoViewport.cpp; sourceTree = "<group>"; };
		EA849FEF12E73BC30086CBFE /* OrthoViewport.h */ = {isa = PBXFileReference; fileEncoding = 4; lastKnownFileType = sourcecode.c.h; path = OrthoViewport.h; sourceTree = "<group>"; };
		EA849FF012E73BC30086CBFE /* Viewport.cpp */ = {isa = PBXFileReference; fileEncoding = 4; lastKnownFileType = sourcecode.cpp.cpp; path = Viewport.cpp; sourceTree = "<group>"; };
		EA849FF112E73BC30086CBFE /* Viewport.h */ = {isa = PBXFileReference; fileEncoding = 4; lastKnownFileType = sourcecode.c.h; path = Viewport.h; sourceTree = "<group>"; };
		EA849FF212E73BC30086CBFE /* constants.h */ = {isa = PBXFileReference; fileEncoding = 4; lastKnownFileType = sourcecode.c.h; path = constants.h; sourceTree = "<group>"; };
		EA849FF312E73BC30086CBFE /* main.cpp */ = {isa = PBXFileReference; fileEncoding = 4; lastKnownFileType = sourcecode.cpp.cpp; path = main.cpp; sourceTree = "<group>"; };
		EA849FF412E73BC30086CBFE /* Scene.h */ = {isa = PBXFileReference; fileEncoding = 4; lastKnownFileType = sourcecode.c.h; path = Scene.h; sourceTree = "<group>"; };
		EA849FF612E73BC30086CBFE /* GLHelpers.h */ = {isa = PBXFileReference; fileEncoding = 4; lastKnownFileType = sourcecode.c.h; path = GLHelpers.h; sourceTree = "<group>"; };
		EA849FF712E73BC30086CBFE /* Settings.cpp */ = {isa = PBXFileReference; fileEncoding = 4; lastKnownFileType = sourcecode.cpp.cpp; path = Settings.cpp; sourceTree = "<group>"; };
		EA849FF812E73BC30086CBFE /* Settings.h */ = {isa = PBXFileReference; fileEncoding = 4; lastKnownFileType = sourcecode.c.h; path = Settings.h; sourceTree = "<group>"; };
		EAC12C1812E6F94F0071CE8E /* testApp.cpp */ = {isa = PBXFileReference; fileEncoding = 4; lastKnownFileType = sourcecode.cpp.cpp; path = testApp.cpp; sourceTree = "<group>"; };
		EAC12C1912E6F94F0071CE8E /* testApp.h */ = {isa = PBXFileReference; fileEncoding = 4; lastKnownFileType = sourcecode.c.h; path = testApp.h; sourceTree = "<group>"; };
		EAF9774212E45B8D0009DBBE /* GLUT.framework */ = {isa = PBXFileReference; lastKnownFileType = wrapper.framework; name = GLUT.framework; path = ../../../libs/glut/lib/osx/GLUT.framework; sourceTree = SOURCE_ROOT; };
		EAF9774312E45B8D0009DBBE /* AppKit.framework */ = {isa = PBXFileReference; lastKnownFileType = wrapper.framework; name = AppKit.framework; path = /System/Library/Frameworks/AppKit.framework; sourceTree = "<absolute>"; };
		EAF9774412E45B8D0009DBBE /* Cocoa.framework */ = {isa = PBXFileReference; lastKnownFileType = wrapper.framework; name = Cocoa.framework; path = /System/Library/Frameworks/Cocoa.framework; sourceTree = "<absolute>"; };
		EAF9774512E45B8D0009DBBE /* IOKit.framework */ = {isa = PBXFileReference; lastKnownFileType = wrapper.framework; name = IOKit.framework; path = /System/Library/Frameworks/IOKit.framework; sourceTree = "<absolute>"; };
		EAF9774612E45B8D0009DBBE /* AGL.framework */ = {isa = PBXFileReference; lastKnownFileType = wrapper.framework; name = AGL.framework; path = /System/Library/Frameworks/AGL.framework; sourceTree = "<absolute>"; };
		EAF9774712E45B8D0009DBBE /* ApplicationServices.framework */ = {isa = PBXFileReference; lastKnownFileType = wrapper.framework; name = ApplicationServices.framework; path = /System/Library/Frameworks/ApplicationServices.framework; sourceTree = "<absolute>"; };
		EAF9774812E45B8D0009DBBE /* AudioToolbox.framework */ = {isa = PBXFileReference; lastKnownFileType = wrapper.framework; name = AudioToolbox.framework; path = /System/Library/Frameworks/AudioToolbox.framework; sourceTree = "<absolute>"; };
		EAF9774912E45B8D0009DBBE /* Carbon.framework */ = {isa = PBXFileReference; lastKnownFileType = wrapper.framework; name = Carbon.framework; path = /System/Library/Frameworks/Carbon.framework; sourceTree = "<absolute>"; };
		EAF9774A12E45B8D0009DBBE /* CoreAudio.framework */ = {isa = PBXFileReference; lastKnownFileType = wrapper.framework; name = CoreAudio.framework; path = /System/Library/Frameworks/CoreAudio.framework; sourceTree = "<absolute>"; };
		EAF9774B12E45B8D0009DBBE /* CoreFoundation.framework */ = {isa = PBXFileReference; lastKnownFileType = wrapper.framework; name = CoreFoundation.framework; path = /System/Library/Frameworks/CoreFoundation.framework; sourceTree = "<absolute>"; };
		EAF9774C12E45B8D0009DBBE /* CoreServices.framework */ = {isa = PBXFileReference; lastKnownFileType = wrapper.framework; name = CoreServices.framework; path = /System/Library/Frameworks/CoreServices.framework; sourceTree = "<absolute>"; };
		EAF9774D12E45B8D0009DBBE /* OpenGL.framework */ = {isa = PBXFileReference; lastKnownFileType = wrapper.framework; name = OpenGL.framework; path = /System/Library/Frameworks/OpenGL.framework; sourceTree = "<absolute>"; };
		EAF9774E12E45B8D0009DBBE /* QuickTime.framework */ = {isa = PBXFileReference; lastKnownFileType = wrapper.framework; name = QuickTime.framework; path = /System/Library/Frameworks/QuickTime.framework; sourceTree = "<absolute>"; };
/* End PBXFileReference section */

/* Begin PBXFrameworksBuildPhase section */
		E4B69B590A3A1756003C02F2 /* Frameworks */ = {
			isa = PBXFrameworksBuildPhase;
			buildActionMask = 2147483647;
			files = (
				E4C2422B10CC554B004149E2 /* openFrameworksDebug.a in Frameworks */,
				EAF9774F12E45B8D0009DBBE /* GLUT.framework in Frameworks */,
				EAF9775012E45B8D0009DBBE /* AppKit.framework in Frameworks */,
				EAF9775112E45B8D0009DBBE /* Cocoa.framework in Frameworks */,
				EAF9775212E45B8D0009DBBE /* IOKit.framework in Frameworks */,
				EAF9775312E45B8D0009DBBE /* AGL.framework in Frameworks */,
				EAF9775412E45B8D0009DBBE /* ApplicationServices.framework in Frameworks */,
				EAF9775512E45B8D0009DBBE /* AudioToolbox.framework in Frameworks */,
				EAF9775612E45B8D0009DBBE /* Carbon.framework in Frameworks */,
				EAF9775712E45B8D0009DBBE /* CoreAudio.framework in Frameworks */,
				EAF9775812E45B8D0009DBBE /* CoreFoundation.framework in Frameworks */,
				EAF9775912E45B8D0009DBBE /* CoreServices.framework in Frameworks */,
				EAF9775A12E45B8D0009DBBE /* OpenGL.framework in Frameworks */,
				EAF9775B12E45B8D0009DBBE /* QuickTime.framework in Frameworks */,
			);
			runOnlyForDeploymentPostprocessing = 0;
		};
/* End PBXFrameworksBuildPhase section */

/* Begin PBXGroup section */
		BB4B014C10F69532006C3DED /* addons */ = {
			isa = PBXGroup;
			children = (
				EA15937812D6198100F34EF3 /* ofxXmlGui */,
				EA15911612D6037B00F34EF3 /* ofxXmlSettings */,
				EA158EFD12D5D16500F34EF3 /* ofxOBJModel */,
			);
			name = addons;
			sourceTree = "<group>";
		};
		E4B69B4A0A3A1720003C02F2 = {
			isa = PBXGroup;
			children = (
				E4B69B5B0A3A1756003C02F2 /* emptyExampleDebug.app */,
				E4B6FCAD0C3E899E008CF71C /* openFrameworks-Info.plist */,
				E4B69E1C0A3A1BDC003C02F2 /* src */,
				E4C2422310CC54B6004149E2 /* openFrameworks */,
				BB4B014C10F69532006C3DED /* addons */,
				EAF9774112E45B8D0009DBBE /* frameworks */,
			);
			sourceTree = "<group>";
		};
		E4B69E1C0A3A1BDC003C02F2 /* src */ = {
			isa = PBXGroup;
			children = (
				EA849FDB12E73BC30086CBFE /* lib */,
				EAC12C1812E6F94F0071CE8E /* testApp.cpp */,
				EAC12C1912E6F94F0071CE8E /* testApp.h */,
			);
			path = src;
			sourceTree = SOURCE_ROOT;
		};
		E4C2421710CC549C004149E2 /* Products */ = {
			isa = PBXGroup;
			children = (
				E4C2421E10CC549C004149E2 /* openFrameworksDebug.a */,
			);
			name = Products;
			sourceTree = "<group>";
		};
		E4C2422310CC54B6004149E2 /* openFrameworks */ = {
			isa = PBXGroup;
			children = (
				E4C2421610CC549C004149E2 /* openFrameworksLib.xcodeproj */,
			);
			name = openFrameworks;
			sourceTree = "<group>";
		};
		EA158EFD12D5D16500F34EF3 /* ofxOBJModel */ = {
			isa = PBXGroup;
			children = (
				EA158EFE12D5D16500F34EF3 /* OBJVertexArray.h */,
				EA158EFF12D5D16500F34EF3 /* ofxOBJModel.cpp */,
				EA158F0012D5D16500F34EF3 /* ofxOBJModel.h */,
			);
			name = ofxOBJModel;
			path = ../../../addons/ofxOBJModel;
			sourceTree = SOURCE_ROOT;
		};
		EA15911612D6037B00F34EF3 /* ofxXmlSettings */ = {
			isa = PBXGroup;
			children = (
				EA15911712D6037B00F34EF3 /* install.xml */,
				EA15911812D6037B00F34EF3 /* libs */,
				EA15911D12D6037B00F34EF3 /* src */,
			);
			name = ofxXmlSettings;
			path = ../../../addons/ofxXmlSettings;
			sourceTree = SOURCE_ROOT;
		};
		EA15911812D6037B00F34EF3 /* libs */ = {
			isa = PBXGroup;
			children = (
				EA15911912D6037B00F34EF3 /* tinyxml.cpp */,
				EA15911A12D6037B00F34EF3 /* tinyxml.h */,
				EA15911B12D6037B00F34EF3 /* tinyxmlerror.cpp */,
				EA15911C12D6037B00F34EF3 /* tinyxmlparser.cpp */,
			);
			path = libs;
			sourceTree = "<group>";
		};
		EA15911D12D6037B00F34EF3 /* src */ = {
			isa = PBXGroup;
			children = (
				EA15911E12D6037B00F34EF3 /* ofxXmlSettings.cpp */,
				EA15911F12D6037B00F34EF3 /* ofxXmlSettings.h */,
			);
			path = src;
			sourceTree = "<group>";
		};
		EA15937812D6198100F34EF3 /* ofxXmlGui */ = {
			isa = PBXGroup;
			children = (
				EA15937912D6198100F34EF3 /* doc */,
				EA15937C12D6198100F34EF3 /* src */,
			);
			name = ofxXmlGui;
			path = ../../../addons/ofxXmlGui;
			sourceTree = SOURCE_ROOT;
		};
		EA15937912D6198100F34EF3 /* doc */ = {
			isa = PBXGroup;
			children = (
				EA15937A12D6198100F34EF3 /* docgen.py */,
				EA15937B12D6198100F34EF3 /* documentation.html */,
			);
			path = doc;
			sourceTree = "<group>";
		};
		EA15937C12D6198100F34EF3 /* src */ = {
			isa = PBXGroup;
			children = (
				EA350AA412E4951200F93F15 /* ofxXmlGui.h */,
				EA350AA312E4951200F93F15 /* ofxXmlGui.cpp */,
				EA15937D12D6198100F34EF3 /* base */,
				EA15939012D6198100F34EF3 /* controls */,
				EA1593AD12D6198100F34EF3 /* ext */,
				EA1593AF12D6198100F34EF3 /* util */,
			);
			path = src;
			sourceTree = "<group>";
		};
		EA15937D12D6198100F34EF3 /* base */ = {
			isa = PBXGroup;
			children = (
				EA15937E12D6198100F34EF3 /* GuiContainer.cpp */,
				EA15937F12D6198100F34EF3 /* GuiContainer.h */,
				EA15938012D6198100F34EF3 /* GuiControl.cpp */,
				EA15938112D6198100F34EF3 /* GuiControl.h */,
				EA15938212D6198100F34EF3 /* GuiListener.h */,
				EA15938312D6198100F34EF3 /* GuiResources.cpp */,
				EA15938412D6198100F34EF3 /* GuiResources.h */,
				EA15938512D6198100F34EF3 /* GuiTypes.cpp */,
				EA15938712D6198100F34EF3 /* ParameterInfo.h */,
			);
			path = base;
			sourceTree = "<group>";
		};
		EA15939012D6198100F34EF3 /* controls */ = {
			isa = PBXGroup;
			children = (
				EA15939112D6198100F34EF3 /* basic */,
				EA1593A712D6198100F34EF3 /* image */,
				EA1593AB12D6198100F34EF3 /* nice */,
			);
			path = controls;
			sourceTree = "<group>";
		};
		EA15939112D6198100F34EF3 /* basic */ = {
			isa = PBXGroup;
			children = (
				EA15939212D6198100F34EF3 /* GuiSlider2D.h */,
				EA15939312D6198100F34EF3 /* GuiButton.h */,
				EA15939412D6198100F34EF3 /* GuiColorPicker.h */,
				EA15939512D6198100F34EF3 /* GuiContour.h */,
				EA15939612D6198100F34EF3 /* GuiDoubleField.h */,
				EA15939712D6198100F34EF3 /* GuiFloatField.h */,
				EA15939812D6198100F34EF3 /* GuiFPSCounter.h */,
				EA3509F612E48FD300F93F15 /* GuiTitle.h */,
				EA15939912D6198100F34EF3 /* GuiGrid.h */,
				EA15939A12D6198100F34EF3 /* GuiIntField.h */,
				EA15939B12D6198100F34EF3 /* GuiKeyboard.h */,
				EA15939C12D6198100F34EF3 /* GuiKnob.h */,
				EA15939D12D6198100F34EF3 /* GuiList.h */,
				EA15939E12D6198100F34EF3 /* GuiMeter.h */,
				EA15939F12D6198100F34EF3 /* GuiPanner.h */,
				EA1593A012D6198100F34EF3 /* GuiSegmentedControl.h */,
				EA1593A112D6198100F34EF3 /* GuiSlider.h */,
				EA1593A212D6198100F34EF3 /* GuiText.h */,
				EA1593A312D6198100F34EF3 /* GuiTextField.h */,
				EA1593A412D6198100F34EF3 /* GuiToggle.h */,
				EA1593A512D6198100F34EF3 /* GuiVU.h */,
				EA1593A612D6198100F34EF3 /* GuiZoomSlider.h */,
			);
			path = basic;
			sourceTree = "<group>";
		};
		EA1593A712D6198100F34EF3 /* image */ = {
			isa = PBXGroup;
			children = (
				EA1593A812D6198100F34EF3 /* GuiImage.h */,
				EA1593A912D6198100F34EF3 /* GuiImageButton.h */,
				EA1593AA12D6198100F34EF3 /* GuiImageToggle.h */,
			);
			path = image;
			sourceTree = "<group>";
		};
		EA1593AB12D6198100F34EF3 /* nice */ = {
			isa = PBXGroup;
			children = (
				EA1593AC12D6198100F34EF3 /* GuiNiceButton.h */,
			);
			path = nice;
			sourceTree = "<group>";
		};
		EA1593AD12D6198100F34EF3 /* ext */ = {
			isa = PBXGroup;
			children = (
				EA1593AE12D6198100F34EF3 /* PdGui.h */,
			);
			path = ext;
			sourceTree = "<group>";
		};
		EA1593AF12D6198100F34EF3 /* util */ = {
			isa = PBXGroup;
			children = (
				EA1593B012D6198100F34EF3 /* ColorUtils.cpp */,
				EA1593B112D6198100F34EF3 /* ColorUtils.h */,
				EA1593B212D6198100F34EF3 /* GridSequence.h */,
				EA1593B312D6198100F34EF3 /* StringUtils.cpp */,
				EA1593B412D6198100F34EF3 /* StringUtils.h */,
			);
			path = util;
			sourceTree = "<group>";
		};
		EA849FDB12E73BC30086CBFE /* lib */ = {
			isa = PBXGroup;
			children = (
				EA849FDC12E73BC30086CBFE /* app */,
				EA849FF212E73BC30086CBFE /* constants.h */,
				EA849FF312E73BC30086CBFE /* main.cpp */,
				EA849FF412E73BC30086CBFE /* Scene.h */,
				EA849FF512E73BC30086CBFE /* util */,
			);
			name = lib;
			path = ../lib;
			sourceTree = SOURCE_ROOT;
		};
		EA849FDC12E73BC30086CBFE /* app */ = {
			isa = PBXGroup;
			children = (
				EA849FDD12E73BC30086CBFE /* App.cpp */,
				EA849FDE12E73BC30086CBFE /* App.h */,
				EA849FDF12E73BC30086CBFE /* gui */,
				EA849FE612E73BC30086CBFE /* Kinect.h */,
				EA849FE712E73BC30086CBFE /* Model.cpp */,
				EA849FE812E73BC30086CBFE /* Model.h */,
				EA849FE912E73BC30086CBFE /* Projector.cpp */,
				EA849FEA12E73BC30086CBFE /* Projector.h */,
				EA849FEB12E73BC30086CBFE /* Scene.cpp */,
				EA849FEC12E73BC30086CBFE /* Scene.h */,
				EA849FED12E73BC30086CBFE /* viewport */,
			);
			path = app;
			sourceTree = "<group>";
		};
		EA849FDF12E73BC30086CBFE /* gui */ = {
			isa = PBXGroup;
			children = (
				EA849FE012E73BC30086CBFE /* SceneGui.cpp */,
				EA849FE112E73BC30086CBFE /* SceneGui.h */,
				EA849FE212E73BC30086CBFE /* Enableable.h */,
				EA849FE312E73BC30086CBFE /* viewport */,
			);
			path = gui;
			sourceTree = "<group>";
		};
		EA849FE312E73BC30086CBFE /* viewport */ = {
			isa = PBXGroup;
			children = (
				EA849FE412E73BC30086CBFE /* ViewportGui.cpp */,
				EA849FE512E73BC30086CBFE /* ViewportGui.h */,
			);
			path = viewport;
			sourceTree = "<group>";
		};
		EA849FED12E73BC30086CBFE /* viewport */ = {
			isa = PBXGroup;
			children = (
				EA849FEE12E73BC30086CBFE /* OrthoViewport.cpp */,
				EA849FEF12E73BC30086CBFE /* OrthoViewport.h */,
				EA849FF012E73BC30086CBFE /* Viewport.cpp */,
				EA849FF112E73BC30086CBFE /* Viewport.h */,
			);
			path = viewport;
			sourceTree = "<group>";
		};
		EA849FF512E73BC30086CBFE /* util */ = {
			isa = PBXGroup;
			children = (
				EA849FF612E73BC30086CBFE /* GLHelpers.h */,
				EA849FF712E73BC30086CBFE /* Settings.cpp */,
				EA849FF812E73BC30086CBFE /* Settings.h */,
			);
			path = util;
			sourceTree = "<group>";
		};
		EAF9774112E45B8D0009DBBE /* frameworks */ = {
			isa = PBXGroup;
			children = (
				EAF9774212E45B8D0009DBBE /* GLUT.framework */,
				EAF9774312E45B8D0009DBBE /* AppKit.framework */,
				EAF9774412E45B8D0009DBBE /* Cocoa.framework */,
				EAF9774512E45B8D0009DBBE /* IOKit.framework */,
				EAF9774612E45B8D0009DBBE /* AGL.framework */,
				EAF9774712E45B8D0009DBBE /* ApplicationServices.framework */,
				EAF9774812E45B8D0009DBBE /* AudioToolbox.framework */,
				EAF9774912E45B8D0009DBBE /* Carbon.framework */,
				EAF9774A12E45B8D0009DBBE /* CoreAudio.framework */,
				EAF9774B12E45B8D0009DBBE /* CoreFoundation.framework */,
				EAF9774C12E45B8D0009DBBE /* CoreServices.framework */,
				EAF9774D12E45B8D0009DBBE /* OpenGL.framework */,
				EAF9774E12E45B8D0009DBBE /* QuickTime.framework */,
			);
			name = frameworks;
			sourceTree = "<group>";
		};
/* End PBXGroup section */

/* Begin PBXNativeTarget section */
		E4B69B5A0A3A1756003C02F2 /* emptyExample */ = {
			isa = PBXNativeTarget;
			buildConfigurationList = E4B69B5F0A3A1757003C02F2 /* Build configuration list for PBXNativeTarget "emptyExample" */;
			buildPhases = (
				E4B69B580A3A1756003C02F2 /* Sources */,
				E4B69B590A3A1756003C02F2 /* Frameworks */,
				E4B6FFFD0C3F9AB9008CF71C /* ShellScript */,
				E4C2427710CC5ABF004149E2 /* CopyFiles */,
				E4C2444710CC769B004149E2 /* CopyFiles */,
				EA15925712D60DCC00F34EF3 /* ShellScript */,
			);
			buildRules = (
			);
			dependencies = (
				E4C2422810CC54DA004149E2 /* PBXTargetDependency */,
			);
			name = emptyExample;
			productName = myOFApp;
			productReference = E4B69B5B0A3A1756003C02F2 /* emptyExampleDebug.app */;
			productType = "com.apple.product-type.application";
		};
/* End PBXNativeTarget section */

/* Begin PBXProject section */
		E4B69B4C0A3A1720003C02F2 /* Project object */ = {
			isa = PBXProject;
			buildConfigurationList = E4B69B4D0A3A1720003C02F2 /* Build configuration list for PBXProject "emptyExample" */;
			compatibilityVersion = "Xcode 2.4";
			developmentRegion = English;
			hasScannedForEncodings = 0;
			knownRegions = (
				English,
				Japanese,
				French,
				German,
			);
			mainGroup = E4B69B4A0A3A1720003C02F2;
			productRefGroup = E4B69B4A0A3A1720003C02F2;
			projectDirPath = "";
			projectReferences = (
				{
					ProductGroup = E4C2421710CC549C004149E2 /* Products */;
					ProjectRef = E4C2421610CC549C004149E2 /* openFrameworksLib.xcodeproj */;
				},
			);
			projectRoot = "";
			targets = (
				E4B69B5A0A3A1756003C02F2 /* emptyExample */,
			);
		};
/* End PBXProject section */

/* Begin PBXReferenceProxy section */
		E4C2421E10CC549C004149E2 /* openFrameworksDebug.a */ = {
			isa = PBXReferenceProxy;
			fileType = archive.ar;
			path = openFrameworksDebug.a;
			remoteRef = E4C2421D10CC549C004149E2 /* PBXContainerItemProxy */;
			sourceTree = BUILT_PRODUCTS_DIR;
		};
/* End PBXReferenceProxy section */

/* Begin PBXShellScriptBuildPhase section */
		E4B6FFFD0C3F9AB9008CF71C /* ShellScript */ = {
			isa = PBXShellScriptBuildPhase;
			buildActionMask = 2147483647;
			files = (
			);
			inputPaths = (
			);
			outputPaths = (
			);
			runOnlyForDeploymentPostprocessing = 0;
			shellPath = /bin/sh;
			shellScript = "cp -f ../../../libs/fmodex/lib/osx/libfmodex.dylib \"$TARGET_BUILD_DIR/$PRODUCT_NAME.app/Contents/MacOS/libfmodex.dylib\"\ninstall_name_tool -change ./libfmodex.dylib @executable_path/libfmodex.dylib \"$TARGET_BUILD_DIR/$PRODUCT_NAME.app/Contents/MacOS/$PRODUCT_NAME\" ";
		};
		EA15925712D60DCC00F34EF3 /* ShellScript */ = {
			isa = PBXShellScriptBuildPhase;
			buildActionMask = 2147483647;
			files = (
			);
			inputPaths = (
			);
			outputPaths = (
			);
			runOnlyForDeploymentPostprocessing = 0;
			shellPath = /bin/bash;
			shellScript = "\necho \"Generating documentation\"\nDOXYGEN_PATH=/Applications/Doxygen.app/Contents/Resources/doxygen\nif [ -x $DOXYGEN_PATH ]; then\n\techo \"Found doxygen\"\n\t$DOXYGEN_PATH $PROJECT_DIR/doc/Doxyfile\nelse\n\techo \"Doxygen not found!\"\nfi\n";
		};
/* End PBXShellScriptBuildPhase section */

/* Begin PBXSourcesBuildPhase section */
		E4B69B580A3A1756003C02F2 /* Sources */ = {
			isa = PBXSourcesBuildPhase;
			buildActionMask = 2147483647;
			files = (
				EA158F0112D5D16500F34EF3 /* ofxOBJModel.cpp in Sources */,
				EA15912012D6037B00F34EF3 /* tinyxml.cpp in Sources */,
				EA15912112D6037B00F34EF3 /* tinyxmlerror.cpp in Sources */,
				EA15912212D6037B00F34EF3 /* tinyxmlparser.cpp in Sources */,
				EA15912312D6037B00F34EF3 /* ofxXmlSettings.cpp in Sources */,
				EA1593B512D6198100F34EF3 /* GuiContainer.cpp in Sources */,
				EA1593B612D6198100F34EF3 /* GuiControl.cpp in Sources */,
				EA1593B712D6198100F34EF3 /* GuiResources.cpp in Sources */,
				EA1593B812D6198100F34EF3 /* GuiTypes.cpp in Sources */,
				EA1593BB12D6198100F34EF3 /* ColorUtils.cpp in Sources */,
				EA1593BC12D6198100F34EF3 /* StringUtils.cpp in Sources */,
				EA350AA512E4951200F93F15 /* ofxXmlGui.cpp in Sources */,
				EAC12C1A12E6F94F0071CE8E /* testApp.cpp in Sources */,
				EA849FF912E73BC30086CBFE /* App.cpp in Sources */,
				EA849FFA12E73BC30086CBFE /* SceneGui.cpp in Sources */,
				EA849FFB12E73BC30086CBFE /* ViewportGui.cpp in Sources */,
				EA849FFC12E73BC30086CBFE /* Model.cpp in Sources */,
				EA849FFD12E73BC30086CBFE /* Projector.cpp in Sources */,
				EA849FFE12E73BC30086CBFE /* Scene.cpp in Sources */,
				EA849FFF12E73BC30086CBFE /* OrthoViewport.cpp in Sources */,
				EA84A00012E73BC30086CBFE /* Viewport.cpp in Sources */,
				EA84A00112E73BC30086CBFE /* main.cpp in Sources */,
				EA84A00212E73BC30086CBFE /* Settings.cpp in Sources */,
			);
			runOnlyForDeploymentPostprocessing = 0;
		};
/* End PBXSourcesBuildPhase section */

/* Begin PBXTargetDependency section */
		E4C2422810CC54DA004149E2 /* PBXTargetDependency */ = {
			isa = PBXTargetDependency;
			name = openFrameworks;
			targetProxy = E4C2422710CC54DA004149E2 /* PBXContainerItemProxy */;
		};
/* End PBXTargetDependency section */

/* Begin XCBuildConfiguration section */
		E4B27CA010CBF8A600536013 /* ReleaseUniversal */ = {
			isa = XCBuildConfiguration;
			buildSettings = {
				ARCHS = (
					ppc,
					i386,
				);
				CONFIGURATION_BUILD_DIR = "$(SRCROOT)/bin/";
				COPY_PHASE_STRIP = YES;
				DEAD_CODE_STRIPPING = YES;
				GCC_AUTO_VECTORIZATION = YES;
				GCC_ENABLE_SSE3_EXTENSIONS = YES;
				GCC_ENABLE_SUPPLEMENTAL_SSE3_INSTRUCTIONS = YES;
				GCC_INLINES_ARE_PRIVATE_EXTERN = NO;
				GCC_MODEL_TUNING = G5;
				GCC_OPTIMIZATION_LEVEL = 3;
				GCC_SYMBOLS_PRIVATE_EXTERN = NO;
				GCC_UNROLL_LOOPS = YES;
				GCC_WARN_ABOUT_DEPRECATED_FUNCTIONS = NO;
				GCC_WARN_ABOUT_INVALID_OFFSETOF_MACRO = NO;
				GCC_WARN_ALLOW_INCOMPLETE_PROTOCOL = NO;
				GCC_WARN_UNINITIALIZED_AUTOS = NO;
				GCC_WARN_UNUSED_VALUE = NO;
				GCC_WARN_UNUSED_VARIABLE = NO;
				HEADER_SEARCH_PATHS = (
					"../../../libs/openFrameworks/**",
					../../../libs/freetype/include/,
					../../../libs/freetype/include/freetype2,
					../../../libs/poco/include,
					../../../addons/,
				);
				OTHER_CPLUSPLUSFLAGS = (
					"-D__MACOSX_CORE__",
					"-lpthread",
				);
				OTHER_LDFLAGS = "";
			};
			name = ReleaseUniversal;
		};
		E4B27CA110CBF8A600536013 /* ReleaseUniversal */ = {
			isa = XCBuildConfiguration;
			buildSettings = {
				COPY_PHASE_STRIP = YES;
				FRAMEWORK_SEARCH_PATHS = (
					"$(inherited)",
					"$(FRAMEWORK_SEARCH_PATHS_QUOTED_FOR_TARGET_1)",
					"$(FRAMEWORK_SEARCH_PATHS_QUOTED_1)",
				);
				FRAMEWORK_SEARCH_PATHS_QUOTED_1 = "\"$(SRCROOT)/../../../libs/glut/lib/osx\"";
				FRAMEWORK_SEARCH_PATHS_QUOTED_FOR_TARGET_1 = "\"$(SRCROOT)/../../../libs/glut/lib/osx\"";
				GCC_ENABLE_FIX_AND_CONTINUE = NO;
				GCC_GENERATE_DEBUGGING_SYMBOLS = NO;
				GCC_MODEL_TUNING = G4;
				GCC_PRECOMPILE_PREFIX_HEADER = YES;
				GCC_PREFIX_HEADER = "$(SYSTEM_LIBRARY_DIR)/Frameworks/Carbon.framework/Headers/Carbon.h";
				INFOPLIST_FILE = "openFrameworks-Info.plist";
				INSTALL_PATH = "$(HOME)/Applications";
				LIBRARY_SEARCH_PATHS = (
					"$(inherited)",
					"$(LIBRARY_SEARCH_PATHS_QUOTED_FOR_TARGET_1)",
					"$(LIBRARY_SEARCH_PATHS_QUOTED_FOR_TARGET_2)",
					"$(LIBRARY_SEARCH_PATHS_QUOTED_FOR_TARGET_3)",
					"$(LIBRARY_SEARCH_PATHS_QUOTED_FOR_TARGET_4)",
					"$(LIBRARY_SEARCH_PATHS_QUOTED_FOR_TARGET_5)",
					"$(LIBRARY_SEARCH_PATHS_QUOTED_FOR_TARGET_6)",
					"$(LIBRARY_SEARCH_PATHS_QUOTED_FOR_TARGET_7)",
					"$(LIBRARY_SEARCH_PATHS_QUOTED_FOR_TARGET_8)",
					"$(LIBRARY_SEARCH_PATHS_QUOTED_FOR_TARGET_9)",
					"$(LIBRARY_SEARCH_PATHS_QUOTED_FOR_TARGET_10)",
					"$(LIBRARY_SEARCH_PATHS_QUOTED_FOR_TARGET_11)",
					"$(LIBRARY_SEARCH_PATHS_QUOTED_FOR_TARGET_12)",
					"$(LIBRARY_SEARCH_PATHS_QUOTED_FOR_TARGET_13)",
					"$(LIBRARY_SEARCH_PATHS_QUOTED_FOR_TARGET_14)",
					"$(LIBRARY_SEARCH_PATHS_QUOTED_FOR_TARGET_15)",
					"$(LIBRARY_SEARCH_PATHS_QUOTED_FOR_TARGET_2)",
				);
				LIBRARY_SEARCH_PATHS_QUOTED_FOR_TARGET_1 = "\"$(SRCROOT)/../../../libs/freeimage/lib/osx\"";
				LIBRARY_SEARCH_PATHS_QUOTED_FOR_TARGET_14 = "\"$(SRCROOT)/../../../libs/fmodex/lib/osx\"";
				LIBRARY_SEARCH_PATHS_QUOTED_FOR_TARGET_15 = "\"$(SRCROOT)/../../../libs/freetype/lib/osx\"";
				LIBRARY_SEARCH_PATHS_QUOTED_FOR_TARGET_2 = "\"$(SRCROOT)/../../../libs/FreeImage/lib/osx\"";
				LIBRARY_SEARCH_PATHS_QUOTED_FOR_TARGET_4 = "\"$(SRCROOT)/../../../libs/GLee/lib/osx\"";
				LIBRARY_SEARCH_PATHS_QUOTED_FOR_TARGET_5 = "\"$(SRCROOT)/../../../libs/poco/lib/osx\"";
				LIBRARY_SEARCH_PATHS_QUOTED_FOR_TARGET_6 = "\"$(SRCROOT)/../../../libs/rtAudio/lib/osx\"";
				PREBINDING = NO;
				PRODUCT_NAME = "$(TARGET_NAME)Universal";
				WRAPPER_EXTENSION = app;
				ZERO_LINK = NO;
			};
			name = ReleaseUniversal;
		};
		E4B69B4E0A3A1720003C02F2 /* Debug */ = {
			isa = XCBuildConfiguration;
			buildSettings = {
				ARCHS = "$(NATIVE_ARCH)";
				CONFIGURATION_BUILD_DIR = "$(SRCROOT)/bin/";
				COPY_PHASE_STRIP = NO;
				DEAD_CODE_STRIPPING = YES;
				GCC_AUTO_VECTORIZATION = YES;
				GCC_ENABLE_SSE3_EXTENSIONS = YES;
				GCC_ENABLE_SUPPLEMENTAL_SSE3_INSTRUCTIONS = YES;
				GCC_INLINES_ARE_PRIVATE_EXTERN = NO;
				GCC_MODEL_TUNING = G5;
				GCC_SYMBOLS_PRIVATE_EXTERN = NO;
				GCC_WARN_ABOUT_DEPRECATED_FUNCTIONS = NO;
				GCC_WARN_ABOUT_INVALID_OFFSETOF_MACRO = NO;
				GCC_WARN_ALLOW_INCOMPLETE_PROTOCOL = NO;
				GCC_WARN_UNINITIALIZED_AUTOS = NO;
				GCC_WARN_UNUSED_VALUE = NO;
				GCC_WARN_UNUSED_VARIABLE = NO;
				HEADER_SEARCH_PATHS = (
					"../../../libs/fmodex/include/**",
					"../../../libs/freeimage/include/**",
					"../../../libs/glew/include/GL/**",
					"../../../libs/openFrameworks/**",
					../../../libs/freetype/include/,
					../../../libs/freetype/include/freetype2,
					../../../libs/poco/include,
					../../../addons/,
				);
				OTHER_CPLUSPLUSFLAGS = (
					"-D__MACOSX_CORE__",
					"-lpthread",
				);
				OTHER_LDFLAGS = "";
			};
			name = Debug;
		};
		E4B69B4F0A3A1720003C02F2 /* Release */ = {
			isa = XCBuildConfiguration;
			buildSettings = {
				ARCHS = "$(NATIVE_ARCH)";
				CONFIGURATION_BUILD_DIR = "$(SRCROOT)/bin/";
				COPY_PHASE_STRIP = YES;
				DEAD_CODE_STRIPPING = YES;
				GCC_AUTO_VECTORIZATION = YES;
				GCC_ENABLE_SSE3_EXTENSIONS = YES;
				GCC_ENABLE_SUPPLEMENTAL_SSE3_INSTRUCTIONS = YES;
				GCC_INLINES_ARE_PRIVATE_EXTERN = NO;
				GCC_MODEL_TUNING = G5;
				GCC_OPTIMIZATION_LEVEL = 3;
				GCC_SYMBOLS_PRIVATE_EXTERN = NO;
				GCC_UNROLL_LOOPS = YES;
				GCC_WARN_ABOUT_DEPRECATED_FUNCTIONS = NO;
				GCC_WARN_ABOUT_INVALID_OFFSETOF_MACRO = NO;
				GCC_WARN_ALLOW_INCOMPLETE_PROTOCOL = NO;
				GCC_WARN_UNINITIALIZED_AUTOS = NO;
				GCC_WARN_UNUSED_VALUE = NO;
				GCC_WARN_UNUSED_VARIABLE = NO;
				HEADER_SEARCH_PATHS = (
					"../../../libs/openFrameworks/**",
					../../../libs/freetype/include/,
					../../../libs/freetype/include/freetype2,
					../../../libs/poco/include,
					../../../addons/,
				);
				OTHER_CPLUSPLUSFLAGS = (
					"-D__MACOSX_CORE__",
					"-lpthread",
				);
				OTHER_LDFLAGS = "";
			};
			name = Release;
		};
		E4B69B600A3A1757003C02F2 /* Debug */ = {
			isa = XCBuildConfiguration;
			buildSettings = {
				COPY_PHASE_STRIP = NO;
				FRAMEWORK_SEARCH_PATHS = (
					"$(inherited)",
					"$(FRAMEWORK_SEARCH_PATHS_QUOTED_FOR_TARGET_1)",
					"$(FRAMEWORK_SEARCH_PATHS_QUOTED_FOR_TARGET_2)",
				);
				FRAMEWORK_SEARCH_PATHS_QUOTED_FOR_TARGET_1 = "\"$(SRCROOT)/../../../libs/glut/lib/osx\"";
				FRAMEWORK_SEARCH_PATHS_QUOTED_FOR_TARGET_2 = "\"$(SRCROOT)/../../../libs/glut/lib/osx\"";
				GCC_DYNAMIC_NO_PIC = NO;
				GCC_ENABLE_FIX_AND_CONTINUE = YES;
				GCC_GENERATE_DEBUGGING_SYMBOLS = YES;
				GCC_MODEL_TUNING = G4;
				GCC_OPTIMIZATION_LEVEL = 0;
				GCC_PRECOMPILE_PREFIX_HEADER = YES;
				GCC_PREFIX_HEADER = "$(SYSTEM_LIBRARY_DIR)/Frameworks/Carbon.framework/Headers/Carbon.h";
				INFOPLIST_FILE = "openFrameworks-Info.plist";
				INSTALL_PATH = "$(HOME)/Applications";
				LIBRARY_SEARCH_PATHS = (
					"$(inherited)",
					"$(LIBRARY_SEARCH_PATHS_QUOTED_FOR_TARGET_1)",
					"$(LIBRARY_SEARCH_PATHS_QUOTED_FOR_TARGET_2)",
					"$(LIBRARY_SEARCH_PATHS_QUOTED_FOR_TARGET_3)",
					"$(LIBRARY_SEARCH_PATHS_QUOTED_FOR_TARGET_4)",
					"$(LIBRARY_SEARCH_PATHS_QUOTED_FOR_TARGET_5)",
					"$(LIBRARY_SEARCH_PATHS_QUOTED_FOR_TARGET_6)",
					"$(LIBRARY_SEARCH_PATHS_QUOTED_FOR_TARGET_7)",
					"$(LIBRARY_SEARCH_PATHS_QUOTED_FOR_TARGET_8)",
					"$(LIBRARY_SEARCH_PATHS_QUOTED_FOR_TARGET_9)",
					"$(LIBRARY_SEARCH_PATHS_QUOTED_FOR_TARGET_10)",
					"$(LIBRARY_SEARCH_PATHS_QUOTED_FOR_TARGET_11)",
					"$(LIBRARY_SEARCH_PATHS_QUOTED_FOR_TARGET_12)",
					"$(LIBRARY_SEARCH_PATHS_QUOTED_FOR_TARGET_13)",
					"$(LIBRARY_SEARCH_PATHS_QUOTED_FOR_TARGET_14)",
					"$(LIBRARY_SEARCH_PATHS_QUOTED_FOR_TARGET_15)",
					"$(LIBRARY_SEARCH_PATHS_QUOTED_FOR_TARGET_2)",
				);
				LIBRARY_SEARCH_PATHS_QUOTED_FOR_TARGET_1 = "\"$(SRCROOT)/../../../libs/freeimage/lib/osx\"";
				LIBRARY_SEARCH_PATHS_QUOTED_FOR_TARGET_14 = "\"$(SRCROOT)/../../../libs/fmodex/lib/osx\"";
				LIBRARY_SEARCH_PATHS_QUOTED_FOR_TARGET_15 = "\"$(SRCROOT)/../../../libs/freetype/lib/osx\"";
				LIBRARY_SEARCH_PATHS_QUOTED_FOR_TARGET_2 = "\"$(SRCROOT)/../../../libs/FreeImage/lib/osx\"";
				LIBRARY_SEARCH_PATHS_QUOTED_FOR_TARGET_4 = "\"$(SRCROOT)/../../../libs/GLee/lib/osx\"";
				LIBRARY_SEARCH_PATHS_QUOTED_FOR_TARGET_5 = "\"$(SRCROOT)/../../../libs/poco/lib/osx\"";
				LIBRARY_SEARCH_PATHS_QUOTED_FOR_TARGET_6 = "\"$(SRCROOT)/../../../libs/rtAudio/lib/osx\"";
				OTHER_LDFLAGS = (
					"$(OTHER_LDFLAGS_QUOTED_FOR_TARGET_1)",
					"$(OTHER_LDFLAGS_QUOTED_FOR_TARGET_2)",
					"$(OTHER_LDFLAGS_QUOTED_FOR_TARGET_3)",
					"$(OTHER_LDFLAGS_QUOTED_FOR_TARGET_4)",
					"$(OTHER_LDFLAGS_QUOTED_FOR_TARGET_5)",
					"$(OTHER_LDFLAGS_QUOTED_FOR_TARGET_6)",
					"$(OTHER_LDFLAGS_QUOTED_FOR_TARGET_7)",
					"$(OTHER_LDFLAGS_QUOTED_FOR_TARGET_8)",
					"$(OTHER_LDFLAGS_QUOTED_FOR_TARGET_9)",
				);
				OTHER_LDFLAGS_QUOTED_FOR_TARGET_1 = "\"../../../libs/poco/lib/osx/PocoUtil.a\"";
				OTHER_LDFLAGS_QUOTED_FOR_TARGET_2 = "\"../../../libs/poco/lib/osx/PocoXML.a\"";
				OTHER_LDFLAGS_QUOTED_FOR_TARGET_3 = "\"../../../libs/poco/lib/osx/PocoFoundation.a\"";
				OTHER_LDFLAGS_QUOTED_FOR_TARGET_4 = "\"../../../libs/poco/lib/osx/PocoNet.a\"";
				OTHER_LDFLAGS_QUOTED_FOR_TARGET_5 = "\"../../../libs/rtAudio/lib/osx/rtAudio.a\"";
				OTHER_LDFLAGS_QUOTED_FOR_TARGET_6 = "\"../../../libs/freetype/lib/osx/freetype.a\"";
				OTHER_LDFLAGS_QUOTED_FOR_TARGET_7 = "\"../../../libs/FreeImage/lib/osx/freeimage.a\"";
				OTHER_LDFLAGS_QUOTED_FOR_TARGET_8 = "\"../../../libs/fmodex/lib/osx/libfmodex.dylib\"";
				OTHER_LDFLAGS_QUOTED_FOR_TARGET_9 = "\"../../../libs/glew/lib/osx/glew.a\"";
				PREBINDING = NO;
				PRODUCT_NAME = "$(TARGET_NAME)Debug";
				WRAPPER_EXTENSION = app;
				ZERO_LINK = NO;
			};
			name = Debug;
		};
		E4B69B610A3A1757003C02F2 /* Release */ = {
			isa = XCBuildConfiguration;
			buildSettings = {
				COPY_PHASE_STRIP = YES;
				FRAMEWORK_SEARCH_PATHS = (
					"$(inherited)",
					"$(FRAMEWORK_SEARCH_PATHS_QUOTED_FOR_TARGET_1)",
					"$(FRAMEWORK_SEARCH_PATHS_QUOTED_1)",
				);
				FRAMEWORK_SEARCH_PATHS_QUOTED_1 = "\"$(SRCROOT)/../../../libs/glut/lib/osx\"";
				FRAMEWORK_SEARCH_PATHS_QUOTED_FOR_TARGET_1 = "\"$(SRCROOT)/../../../libs/glut/lib/osx\"";
				GCC_ENABLE_FIX_AND_CONTINUE = NO;
				GCC_GENERATE_DEBUGGING_SYMBOLS = NO;
				GCC_MODEL_TUNING = G4;
				GCC_PRECOMPILE_PREFIX_HEADER = YES;
				GCC_PREFIX_HEADER = "$(SYSTEM_LIBRARY_DIR)/Frameworks/Carbon.framework/Headers/Carbon.h";
				INFOPLIST_FILE = "openFrameworks-Info.plist";
				INSTALL_PATH = "$(HOME)/Applications";
				LIBRARY_SEARCH_PATHS = (
					"$(inherited)",
					"$(LIBRARY_SEARCH_PATHS_QUOTED_FOR_TARGET_1)",
					"$(LIBRARY_SEARCH_PATHS_QUOTED_FOR_TARGET_2)",
					"$(LIBRARY_SEARCH_PATHS_QUOTED_FOR_TARGET_3)",
					"$(LIBRARY_SEARCH_PATHS_QUOTED_FOR_TARGET_4)",
					"$(LIBRARY_SEARCH_PATHS_QUOTED_FOR_TARGET_5)",
					"$(LIBRARY_SEARCH_PATHS_QUOTED_FOR_TARGET_6)",
					"$(LIBRARY_SEARCH_PATHS_QUOTED_FOR_TARGET_7)",
					"$(LIBRARY_SEARCH_PATHS_QUOTED_FOR_TARGET_8)",
					"$(LIBRARY_SEARCH_PATHS_QUOTED_FOR_TARGET_9)",
					"$(LIBRARY_SEARCH_PATHS_QUOTED_FOR_TARGET_10)",
					"$(LIBRARY_SEARCH_PATHS_QUOTED_FOR_TARGET_11)",
					"$(LIBRARY_SEARCH_PATHS_QUOTED_FOR_TARGET_12)",
					"$(LIBRARY_SEARCH_PATHS_QUOTED_FOR_TARGET_13)",
					"$(LIBRARY_SEARCH_PATHS_QUOTED_FOR_TARGET_14)",
					"$(LIBRARY_SEARCH_PATHS_QUOTED_FOR_TARGET_15)",
					"$(LIBRARY_SEARCH_PATHS_QUOTED_FOR_TARGET_2)",
				);
				LIBRARY_SEARCH_PATHS_QUOTED_FOR_TARGET_1 = "\"$(SRCROOT)/../../../libs/freeimage/lib/osx\"";
				LIBRARY_SEARCH_PATHS_QUOTED_FOR_TARGET_14 = "\"$(SRCROOT)/../../../libs/fmodex/lib/osx\"";
				LIBRARY_SEARCH_PATHS_QUOTED_FOR_TARGET_15 = "\"$(SRCROOT)/../../../libs/freetype/lib/osx\"";
				LIBRARY_SEARCH_PATHS_QUOTED_FOR_TARGET_2 = "\"$(SRCROOT)/../../../libs/FreeImage/lib/osx\"";
				LIBRARY_SEARCH_PATHS_QUOTED_FOR_TARGET_4 = "\"$(SRCROOT)/../../../libs/GLee/lib/osx\"";
				LIBRARY_SEARCH_PATHS_QUOTED_FOR_TARGET_5 = "\"$(SRCROOT)/../../../libs/poco/lib/osx\"";
				LIBRARY_SEARCH_PATHS_QUOTED_FOR_TARGET_6 = "\"$(SRCROOT)/../../../libs/rtAudio/lib/osx\"";
				PREBINDING = NO;
				PRODUCT_NAME = "$(TARGET_NAME)";
				WRAPPER_EXTENSION = app;
				ZERO_LINK = NO;
			};
			name = Release;
		};
/* End XCBuildConfiguration section */

/* Begin XCConfigurationList section */
		E4B69B4D0A3A1720003C02F2 /* Build configuration list for PBXProject "emptyExample" */ = {
			isa = XCConfigurationList;
			buildConfigurations = (
				E4B69B4E0A3A1720003C02F2 /* Debug */,
				E4B69B4F0A3A1720003C02F2 /* Release */,
				E4B27CA010CBF8A600536013 /* ReleaseUniversal */,
			);
			defaultConfigurationIsVisible = 0;
			defaultConfigurationName = Release;
		};
		E4B69B5F0A3A1757003C02F2 /* Build configuration list for PBXNativeTarget "emptyExample" */ = {
			isa = XCConfigurationList;
			buildConfigurations = (
				E4B69B600A3A1757003C02F2 /* Debug */,
				E4B69B610A3A1757003C02F2 /* Release */,
				E4B27CA110CBF8A600536013 /* ReleaseUniversal */,
			);
			defaultConfigurationIsVisible = 0;
			defaultConfigurationName = Release;
		};
/* End XCConfigurationList section */
	};
	rootObject = E4B69B4C0A3A1720003C02F2 /* Project object */;
}
